
Microsoft Visual Studio Solution File, Format Version 12.00
# Visual Studio Version 17
VisualStudioVersion = 17.9.34622.214
MinimumVisualStudioVersion = 10.0.40219.1
Project("{FAE04EC0-301F-11D3-BF4B-00C04F79EFBC}") = "Model", "Model\Model.csproj", "{705B2EA5-0087-477E-AEAC-312C95CF9E7A}"
EndProject
Project("{FAE04EC0-301F-11D3-BF4B-00C04F79EFBC}") = "DAL", "DAL\DAL.csproj", "{759B9784-7A9E-412F-803A-31556288CF4F}"
EndProject
Project("{FAE04EC0-301F-11D3-BF4B-00C04F79EFBC}") = "BLL", "BLL\BLL.csproj", "{041C3BDA-8F72-4349-A811-5D340AB7DED1}"
EndProject
Project("{FAE04EC0-301F-11D3-BF4B-00C04F79EFBC}") = "BLL_EF", "BLL_EF\BLL_EF.csproj", "{0EA5778B-F40E-4447-B53F-136A281EE224}"
EndProject
Global
	GlobalSection(SolutionConfigurationPlatforms) = preSolution
		Debug|Any CPU = Debug|Any CPU
		Release|Any CPU = Release|Any CPU
	EndGlobalSection
	GlobalSection(ProjectConfigurationPlatforms) = postSolution
		{705B2EA5-0087-477E-AEAC-312C95CF9E7A}.Debug|Any CPU.ActiveCfg = Debug|Any CPU
		{705B2EA5-0087-477E-AEAC-312C95CF9E7A}.Debug|Any CPU.Build.0 = Debug|Any CPU
		{705B2EA5-0087-477E-AEAC-312C95CF9E7A}.Release|Any CPU.ActiveCfg = Release|Any CPU
		{705B2EA5-0087-477E-AEAC-312C95CF9E7A}.Release|Any CPU.Build.0 = Release|Any CPU
		{759B9784-7A9E-412F-803A-31556288CF4F}.Debug|Any CPU.ActiveCfg = Debug|Any CPU
		{759B9784-7A9E-412F-803A-31556288CF4F}.Debug|Any CPU.Build.0 = Debug|Any CPU
		{759B9784-7A9E-412F-803A-31556288CF4F}.Release|Any CPU.ActiveCfg = Release|Any CPU
		{759B9784-7A9E-412F-803A-31556288CF4F}.Release|Any CPU.Build.0 = Release|Any CPU
		{041C3BDA-8F72-4349-A811-5D340AB7DED1}.Debug|Any CPU.ActiveCfg = Debug|Any CPU
		{041C3BDA-8F72-4349-A811-5D340AB7DED1}.Debug|Any CPU.Build.0 = Debug|Any CPU
		{041C3BDA-8F72-4349-A811-5D340AB7DED1}.Release|Any CPU.ActiveCfg = Release|Any CPU
		{041C3BDA-8F72-4349-A811-5D340AB7DED1}.Release|Any CPU.Build.0 = Release|Any CPU
		{0EA5778B-F40E-4447-B53F-136A281EE224}.Debug|Any CPU.ActiveCfg = Debug|Any CPU
		{0EA5778B-F40E-4447-B53F-136A281EE224}.Debug|Any CPU.Build.0 = Debug|Any CPU
		{0EA5778B-F40E-4447-B53F-136A281EE224}.Release|Any CPU.ActiveCfg = Release|Any CPU
		{0EA5778B-F40E-4447-B53F-136A281EE224}.Release|Any CPU.Build.0 = Release|Any CPU
	EndGlobalSection
	GlobalSection(SolutionProperties) = preSolution
		HideSolutionNode = FALSE
	EndGlobalSection
	GlobalSection(ExtensibilityGlobals) = postSolution
		SolutionGuid = {EFF5FE3F-7E3E-4C2C-BAC3-D7A33C91330A}
	EndGlobalSection
EndGlobal
